// !$*UTF8*$!
{
	archiveVersion = 1;
	classes = {
	};
	objectVersion = 55;
	objects = {

/* Begin PBXBuildFile section */
		C4C1AEDA285CAB42007D7192 /* AppDelegate.swift in Sources */ = {isa = PBXBuildFile; fileRef = C4C1AED9285CAB42007D7192 /* AppDelegate.swift */; };
		C4C1AEDE285CAB42007D7192 /* KeysList.swift in Sources */ = {isa = PBXBuildFile; fileRef = C4C1AEDD285CAB42007D7192 /* KeysList.swift */; };
		C4C1AEE4285CAB42007D7192 /* PetProject.xcdatamodeld in Sources */ = {isa = PBXBuildFile; fileRef = C4C1AEE2285CAB42007D7192 /* PetProject.xcdatamodeld */; };
		C4C1AEE6285CAB45007D7192 /* Assets.xcassets in Resources */ = {isa = PBXBuildFile; fileRef = C4C1AEE5285CAB45007D7192 /* Assets.xcassets */; };
		C4C1AEE9285CAB45007D7192 /* LaunchScreen.storyboard in Resources */ = {isa = PBXBuildFile; fileRef = C4C1AEE7285CAB45007D7192 /* LaunchScreen.storyboard */; };
		C4C1AEF1285CB85F007D7192 /* TableViewCell.swift in Sources */ = {isa = PBXBuildFile; fileRef = C4C1AEF0285CB85F007D7192 /* TableViewCell.swift */; };
		C4C1AEFD285CD471007D7192 /* LoginViewController.swift in Sources */ = {isa = PBXBuildFile; fileRef = C4C1AEFC285CD471007D7192 /* LoginViewController.swift */; };
		C4C4CCC6285DB8E200FC3EC5 /* AlertController.swift in Sources */ = {isa = PBXBuildFile; fileRef = C4C4CCC5285DB8E200FC3EC5 /* AlertController.swift */; };
		C4C4CCC9285DCFF600FC3EC5 /* User.swift in Sources */ = {isa = PBXBuildFile; fileRef = C4C4CCC8285DCFF600FC3EC5 /* User.swift */; };
		C4C4CCCC28622EDB00FC3EC5 /* Extesion + UIViewController.swift in Sources */ = {isa = PBXBuildFile; fileRef = C4C4CCCB28622EDB00FC3EC5 /* Extesion + UIViewController.swift */; };
		C4C4CCD0286984F900FC3EC5 /* StorageManager.swift in Sources */ = {isa = PBXBuildFile; fileRef = C4C4CCCF286984F900FC3EC5 /* StorageManager.swift */; };
/* End PBXBuildFile section */

/* Begin PBXFileReference section */
		C4C1AED6285CAB42007D7192 /* PetProject.app */ = {isa = PBXFileReference; explicitFileType = wrapper.application; includeInIndex = 0; path = PetProject.app; sourceTree = BUILT_PRODUCTS_DIR; };
		C4C1AED9285CAB42007D7192 /* AppDelegate.swift */ = {isa = PBXFileReference; lastKnownFileType = sourcecode.swift; path = AppDelegate.swift; sourceTree = "<group>"; };
		C4C1AEDD285CAB42007D7192 /* KeysList.swift */ = {isa = PBXFileReference; lastKnownFileType = sourcecode.swift; path = KeysList.swift; sourceTree = "<group>"; };
		C4C1AEE3285CAB42007D7192 /* PetProject.xcdatamodel */ = {isa = PBXFileReference; lastKnownFileType = wrapper.xcdatamodel; path = PetProject.xcdatamodel; sourceTree = "<group>"; };
		C4C1AEE5285CAB45007D7192 /* Assets.xcassets */ = {isa = PBXFileReference; lastKnownFileType = folder.assetcatalog; path = Assets.xcassets; sourceTree = "<group>"; };
		C4C1AEE8285CAB45007D7192 /* Base */ = {isa = PBXFileReference; lastKnownFileType = file.storyboard; name = Base; path = Base.lproj/LaunchScreen.storyboard; sourceTree = "<group>"; };
		C4C1AEEA285CAB45007D7192 /* Info.plist */ = {isa = PBXFileReference; lastKnownFileType = text.plist.xml; path = Info.plist; sourceTree = "<group>"; };
		C4C1AEF0285CB85F007D7192 /* TableViewCell.swift */ = {isa = PBXFileReference; lastKnownFileType = sourcecode.swift; path = TableViewCell.swift; sourceTree = "<group>"; };
		C4C1AEFC285CD471007D7192 /* LoginViewController.swift */ = {isa = PBXFileReference; lastKnownFileType = sourcecode.swift; path = LoginViewController.swift; sourceTree = "<group>"; };
		C4C4CCC5285DB8E200FC3EC5 /* AlertController.swift */ = {isa = PBXFileReference; lastKnownFileType = sourcecode.swift; path = AlertController.swift; sourceTree = "<group>"; };
		C4C4CCC8285DCFF600FC3EC5 /* User.swift */ = {isa = PBXFileReference; lastKnownFileType = sourcecode.swift; path = User.swift; sourceTree = "<group>"; };
		C4C4CCCB28622EDB00FC3EC5 /* Extesion + UIViewController.swift */ = {isa = PBXFileReference; lastKnownFileType = sourcecode.swift; path = "Extesion + UIViewController.swift"; sourceTree = "<group>"; };
		C4C4CCCF286984F900FC3EC5 /* StorageManager.swift */ = {isa = PBXFileReference; lastKnownFileType = sourcecode.swift; path = StorageManager.swift; sourceTree = "<group>"; };
/* End PBXFileReference section */

/* Begin PBXFrameworksBuildPhase section */
		C4C1AED3285CAB42007D7192 /* Frameworks */ = {
			isa = PBXFrameworksBuildPhase;
			buildActionMask = 2147483647;
			files = (
			);
			runOnlyForDeploymentPostprocessing = 0;
		};
/* End PBXFrameworksBuildPhase section */

/* Begin PBXGroup section */
		C4C1AECD285CAB42007D7192 = {
			isa = PBXGroup;
			children = (
				C4C1AED8285CAB42007D7192 /* PetProject */,
				C4C1AED7285CAB42007D7192 /* Products */,
			);
			sourceTree = "<group>";
		};
		C4C1AED7285CAB42007D7192 /* Products */ = {
			isa = PBXGroup;
			children = (
				C4C1AED6285CAB42007D7192 /* PetProject.app */,
			);
			name = Products;
			sourceTree = "<group>";
		};
		C4C1AED8285CAB42007D7192 /* PetProject */ = {
			isa = PBXGroup;
			children = (
				C4C4CCCD286984C000FC3EC5 /* Services */,
				C4C4CCC7285DCFE900FC3EC5 /* Model */,
				C4C1AEF8285CC634007D7192 /* ViewConrollers */,
				C4C1AEFB285CC673007D7192 /* View */,
				C4C1AEF6285CC5EA007D7192 /* App */,
				C4C1AEFA285CC661007D7192 /* CoreData */,
				C4C1AEF9285CC654007D7192 /* Storyboard */,
				C4C1AEF7285CC621007D7192 /* Resources */,
			);
			path = PetProject;
			sourceTree = "<group>";
		};
		C4C1AEF6285CC5EA007D7192 /* App */ = {
			isa = PBXGroup;
			children = (
				C4C1AEEA285CAB45007D7192 /* Info.plist */,
				C4C1AED9285CAB42007D7192 /* AppDelegate.swift */,
			);
			path = App;
			sourceTree = "<group>";
		};
		C4C1AEF7285CC621007D7192 /* Resources */ = {
			isa = PBXGroup;
			children = (
				C4C1AEE5285CAB45007D7192 /* Assets.xcassets */,
			);
			path = Resources;
			sourceTree = "<group>";
		};
		C4C1AEF8285CC634007D7192 /* ViewConrollers */ = {
			isa = PBXGroup;
			children = (
				C4C1AEFC285CD471007D7192 /* LoginViewController.swift */,
				C4C1AEDD285CAB42007D7192 /* KeysList.swift */,
				C4C4CCCB28622EDB00FC3EC5 /* Extesion + UIViewController.swift */,
			);
			path = ViewConrollers;
			sourceTree = "<group>";
		};
		C4C1AEF9285CC654007D7192 /* Storyboard */ = {
			isa = PBXGroup;
			children = (
				C4C1AEE7285CAB45007D7192 /* LaunchScreen.storyboard */,
			);
			path = Storyboard;
			sourceTree = "<group>";
		};
		C4C1AEFA285CC661007D7192 /* CoreData */ = {
			isa = PBXGroup;
			children = (
				C4C1AEE2285CAB42007D7192 /* PetProject.xcdatamodeld */,
			);
			path = CoreData;
			sourceTree = "<group>";
		};
		C4C1AEFB285CC673007D7192 /* View */ = {
			isa = PBXGroup;
			children = (
				C4C1AEF0285CB85F007D7192 /* TableViewCell.swift */,
				C4C4CCC5285DB8E200FC3EC5 /* AlertController.swift */,
			);
			path = View;
			sourceTree = "<group>";
		};
		C4C4CCC7285DCFE900FC3EC5 /* Model */ = {
			isa = PBXGroup;
			children = (
				C4C4CCC8285DCFF600FC3EC5 /* User.swift */,
			);
			path = Model;
			sourceTree = "<group>";
		};
		C4C4CCCD286984C000FC3EC5 /* Services */ = {
			isa = PBXGroup;
			children = (
				C4C4CCCF286984F900FC3EC5 /* StorageManager.swift */,
			);
			path = Services;
			sourceTree = "<group>";
		};
/* End PBXGroup section */

/* Begin PBXNativeTarget section */
		C4C1AED5285CAB42007D7192 /* PetProject */ = {
			isa = PBXNativeTarget;
			buildConfigurationList = C4C1AEED285CAB45007D7192 /* Build configuration list for PBXNativeTarget "PetProject" */;
			buildPhases = (
				C4C1AED2285CAB42007D7192 /* Sources */,
				C4C1AED3285CAB42007D7192 /* Frameworks */,
				C4C1AED4285CAB42007D7192 /* Resources */,
			);
			buildRules = (
			);
			dependencies = (
			);
			name = PetProject;
			productName = PetProject;
			productReference = C4C1AED6285CAB42007D7192 /* PetProject.app */;
			productType = "com.apple.product-type.application";
		};
/* End PBXNativeTarget section */

/* Begin PBXProject section */
		C4C1AECE285CAB42007D7192 /* Project object */ = {
			isa = PBXProject;
			attributes = {
				BuildIndependentTargetsInParallel = 1;
				LastSwiftUpdateCheck = 1330;
				LastUpgradeCheck = 1330;
				TargetAttributes = {
					C4C1AED5285CAB42007D7192 = {
						CreatedOnToolsVersion = 13.3;
					};
				};
			};
			buildConfigurationList = C4C1AED1285CAB42007D7192 /* Build configuration list for PBXProject "PetProject" */;
			compatibilityVersion = "Xcode 13.0";
			developmentRegion = en;
			hasScannedForEncodings = 0;
			knownRegions = (
				en,
				Base,
			);
			mainGroup = C4C1AECD285CAB42007D7192;
			productRefGroup = C4C1AED7285CAB42007D7192 /* Products */;
			projectDirPath = "";
			projectRoot = "";
			targets = (
				C4C1AED5285CAB42007D7192 /* PetProject */,
			);
		};
/* End PBXProject section */

/* Begin PBXResourcesBuildPhase section */
		C4C1AED4285CAB42007D7192 /* Resources */ = {
			isa = PBXResourcesBuildPhase;
			buildActionMask = 2147483647;
			files = (
				C4C1AEE9285CAB45007D7192 /* LaunchScreen.storyboard in Resources */,
				C4C1AEE6285CAB45007D7192 /* Assets.xcassets in Resources */,
			);
			runOnlyForDeploymentPostprocessing = 0;
		};
/* End PBXResourcesBuildPhase section */

/* Begin PBXSourcesBuildPhase section */
		C4C1AED2285CAB42007D7192 /* Sources */ = {
			isa = PBXSourcesBuildPhase;
			buildActionMask = 2147483647;
			files = (
				C4C1AEDE285CAB42007D7192 /* KeysList.swift in Sources */,
				C4C4CCCC28622EDB00FC3EC5 /* Extesion + UIViewController.swift in Sources */,
				C4C1AEF1285CB85F007D7192 /* TableViewCell.swift in Sources */,
				C4C4CCD0286984F900FC3EC5 /* StorageManager.swift in Sources */,
				C4C4CCC9285DCFF600FC3EC5 /* User.swift in Sources */,
				C4C1AEDA285CAB42007D7192 /* AppDelegate.swift in Sources */,
				C4C1AEFD285CD471007D7192 /* LoginViewController.swift in Sources */,
				C4C4CCC6285DB8E200FC3EC5 /* AlertController.swift in Sources */,
				C4C1AEE4285CAB42007D7192 /* PetProject.xcdatamodeld in Sources */,
			);
			runOnlyForDeploymentPostprocessing = 0;
		};
/* End PBXSourcesBuildPhase section */

/* Begin PBXVariantGroup section */
		C4C1AEE7285CAB45007D7192 /* LaunchScreen.storyboard */ = {
			isa = PBXVariantGroup;
			children = (
				C4C1AEE8285CAB45007D7192 /* Base */,
			);
			name = LaunchScreen.storyboard;
			sourceTree = "<group>";
		};
/* End PBXVariantGroup section */

/* Begin XCBuildConfiguration section */
		C4C1AEEB285CAB45007D7192 /* Debug */ = {
			isa = XCBuildConfiguration;
			buildSettings = {
				ALWAYS_SEARCH_USER_PATHS = NO;
				CLANG_ANALYZER_NONNULL = YES;
				CLANG_ANALYZER_NUMBER_OBJECT_CONVERSION = YES_AGGRESSIVE;
				CLANG_CXX_LANGUAGE_STANDARD = "gnu++17";
				CLANG_ENABLE_MODULES = YES;
				CLANG_ENABLE_OBJC_ARC = YES;
				CLANG_ENABLE_OBJC_WEAK = YES;
				CLANG_WARN_BLOCK_CAPTURE_AUTORELEASING = YES;
				CLANG_WARN_BOOL_CONVERSION = YES;
				CLANG_WARN_COMMA = YES;
				CLANG_WARN_CONSTANT_CONVERSION = YES;
				CLANG_WARN_DEPRECATED_OBJC_IMPLEMENTATIONS = YES;
				CLANG_WARN_DIRECT_OBJC_ISA_USAGE = YES_ERROR;
				CLANG_WARN_DOCUMENTATION_COMMENTS = YES;
				CLANG_WARN_EMPTY_BODY = YES;
				CLANG_WARN_ENUM_CONVERSION = YES;
				CLANG_WARN_INFINITE_RECURSION = YES;
				CLANG_WARN_INT_CONVERSION = YES;
				CLANG_WARN_NON_LITERAL_NULL_CONVERSION = YES;
				CLANG_WARN_OBJC_IMPLICIT_RETAIN_SELF = YES;
				CLANG_WARN_OBJC_LITERAL_CONVERSION = YES;
				CLANG_WARN_OBJC_ROOT_CLASS = YES_ERROR;
				CLANG_WARN_QUOTED_INCLUDE_IN_FRAMEWORK_HEADER = YES;
				CLANG_WARN_RANGE_LOOP_ANALYSIS = YES;
				CLANG_WARN_STRICT_PROTOTYPES = YES;
				CLANG_WARN_SUSPICIOUS_MOVE = YES;
				CLANG_WARN_UNGUARDED_AVAILABILITY = YES_AGGRESSIVE;
				CLANG_WARN_UNREACHABLE_CODE = YES;
				CLANG_WARN__DUPLICATE_METHOD_MATCH = YES;
				COPY_PHASE_STRIP = NO;
				DEBUG_INFORMATION_FORMAT = dwarf;
				ENABLE_STRICT_OBJC_MSGSEND = YES;
				ENABLE_TESTABILITY = YES;
				GCC_C_LANGUAGE_STANDARD = gnu11;
				GCC_DYNAMIC_NO_PIC = NO;
				GCC_NO_COMMON_BLOCKS = YES;
				GCC_OPTIMIZATION_LEVEL = 0;
				GCC_PREPROCESSOR_DEFINITIONS = (
					"DEBUG=1",
					"$(inherited)",
				);
				GCC_WARN_64_TO_32_BIT_CONVERSION = YES;
				GCC_WARN_ABOUT_RETURN_TYPE = YES_ERROR;
				GCC_WARN_UNDECLARED_SELECTOR = YES;
				GCC_WARN_UNINITIALIZED_AUTOS = YES_AGGRESSIVE;
				GCC_WARN_UNUSED_FUNCTION = YES;
				GCC_WARN_UNUSED_VARIABLE = YES;
				IPHONEOS_DEPLOYMENT_TARGET = 15.4;
				MTL_ENABLE_DEBUG_INFO = INCLUDE_SOURCE;
				MTL_FAST_MATH = YES;
				ONLY_ACTIVE_ARCH = YES;
				SDKROOT = iphoneos;
				SWIFT_ACTIVE_COMPILATION_CONDITIONS = DEBUG;
				SWIFT_OPTIMIZATION_LEVEL = "-Onone";
			};
			name = Debug;
		};
		C4C1AEEC285CAB45007D7192 /* Release */ = {
			isa = XCBuildConfiguration;
			buildSettings = {
				ALWAYS_SEARCH_USER_PATHS = NO;
				CLANG_ANALYZER_NONNULL = YES;
				CLANG_ANALYZER_NUMBER_OBJECT_CONVERSION = YES_AGGRESSIVE;
				CLANG_CXX_LANGUAGE_STANDARD = "gnu++17";
				CLANG_ENABLE_MODULES = YES;
				CLANG_ENABLE_OBJC_ARC = YES;
				CLANG_ENABLE_OBJC_WEAK = YES;
				CLANG_WARN_BLOCK_CAPTURE_AUTORELEASING = YES;
				CLANG_WARN_BOOL_CONVERSION = YES;
				CLANG_WARN_COMMA = YES;
				CLANG_WARN_CONSTANT_CONVERSION = YES;
				CLANG_WARN_DEPRECATED_OBJC_IMPLEMENTATIONS = YES;
				CLANG_WARN_DIRECT_OBJC_ISA_USAGE = YES_ERROR;
				CLANG_WARN_DOCUMENTATION_COMMENTS = YES;
				CLANG_WARN_EMPTY_BODY = YES;
				CLANG_WARN_ENUM_CONVERSION = YES;
				CLANG_WARN_INFINITE_RECURSION = YES;
				CLANG_WARN_INT_CONVERSION = YES;
				CLANG_WARN_NON_LITERAL_NULL_CONVERSION = YES;
				CLANG_WARN_OBJC_IMPLICIT_RETAIN_SELF = YES;
				CLANG_WARN_OBJC_LITERAL_CONVERSION = YES;
				CLANG_WARN_OBJC_ROOT_CLASS = YES_ERROR;
				CLANG_WARN_QUOTED_INCLUDE_IN_FRAMEWORK_HEADER = YES;
				CLANG_WARN_RANGE_LOOP_ANALYSIS = YES;
				CLANG_WARN_STRICT_PROTOTYPES = YES;
				CLANG_WARN_SUSPICIOUS_MOVE = YES;
				CLANG_WARN_UNGUARDED_AVAILABILITY = YES_AGGRESSIVE;
				CLANG_WARN_UNREACHABLE_CODE = YES;
				CLANG_WARN__DUPLICATE_METHOD_MATCH = YES;
				COPY_PHASE_STRIP = NO;
				DEBUG_INFORMATION_FORMAT = "dwarf-with-dsym";
				ENABLE_NS_ASSERTIONS = NO;
				ENABLE_STRICT_OBJC_MSGSEND = YES;
				GCC_C_LANGUAGE_STANDARD = gnu11;
				GCC_NO_COMMON_BLOCKS = YES;
				GCC_WARN_64_TO_32_BIT_CONVERSION = YES;
				GCC_WARN_ABOUT_RETURN_TYPE = YES_ERROR;
				GCC_WARN_UNDECLARED_SELECTOR = YES;
				GCC_WARN_UNINITIALIZED_AUTOS = YES_AGGRESSIVE;
				GCC_WARN_UNUSED_FUNCTION = YES;
				GCC_WARN_UNUSED_VARIABLE = YES;
				IPHONEOS_DEPLOYMENT_TARGET = 15.4;
				MTL_ENABLE_DEBUG_INFO = NO;
				MTL_FAST_MATH = YES;
				SDKROOT = iphoneos;
				SWIFT_COMPILATION_MODE = wholemodule;
				SWIFT_OPTIMIZATION_LEVEL = "-O";
				VALIDATE_PRODUCT = YES;
			};
			name = Release;
		};
		C4C1AEEE285CAB45007D7192 /* Debug */ = {
			isa = XCBuildConfiguration;
			buildSettings = {
				ASSETCATALOG_COMPILER_APPICON_NAME = AppIcon;
				ASSETCATALOG_COMPILER_GLOBAL_ACCENT_COLOR_NAME = AccentColor;
				CODE_SIGN_STYLE = Automatic;
				CURRENT_PROJECT_VERSION = 1;
				DEVELOPMENT_TEAM = HXD5CYVJM9;
				GENERATE_INFOPLIST_FILE = YES;
				INFOPLIST_FILE = PetProject/App/Info.plist;
				INFOPLIST_KEY_UIApplicationSupportsIndirectInputEvents = YES;
				INFOPLIST_KEY_UILaunchStoryboardName = LaunchScreen;
				INFOPLIST_KEY_UISupportedInterfaceOrientations_iPad = "UIInterfaceOrientationPortrait UIInterfaceOrientationPortraitUpsideDown UIInterfaceOrientationLandscapeLeft UIInterfaceOrientationLandscapeRight";
				INFOPLIST_KEY_UISupportedInterfaceOrientations_iPhone = "UIInterfaceOrientationPortrait UIInterfaceOrientationLandscapeLeft UIInterfaceOrientationLandscapeRight";
				LD_RUNPATH_SEARCH_PATHS = (
					"$(inherited)",
					"@executable_path/Frameworks",
				);
				MARKETING_VERSION = 1.0;
				PRODUCT_BUNDLE_IDENTIFIER = kolesnikov.PetProject;
				PRODUCT_NAME = "$(TARGET_NAME)";
				SWIFT_EMIT_LOC_STRINGS = YES;
				SWIFT_VERSION = 5.0;
				TARGETED_DEVICE_FAMILY = "1,2";
			};
			name = Debug;
		};
		C4C1AEEF285CAB45007D7192 /* Release */ = {
			isa = XCBuildConfiguration;
			buildSettings = {
				ASSETCATALOG_COMPILER_APPICON_NAME = AppIcon;
				ASSETCATALOG_COMPILER_GLOBAL_ACCENT_COLOR_NAME = AccentColor;
				CODE_SIGN_STYLE = Automatic;
				CURRENT_PROJECT_VERSION = 1;
				DEVELOPMENT_TEAM = HXD5CYVJM9;
				GENERATE_INFOPLIST_FILE = YES;
				INFOPLIST_FILE = PetProject/App/Info.plist;
				INFOPLIST_KEY_UIApplicationSupportsIndirectInputEvents = YES;
				INFOPLIST_KEY_UILaunchStoryboardName = LaunchScreen;
				INFOPLIST_KEY_UISupportedInterfaceOrientations_iPad = "UIInterfaceOrientationPortrait UIInterfaceOrientationPortraitUpsideDown UIInterfaceOrientationLandscapeLeft UIInterfaceOrientationLandscapeRight";
				INFOPLIST_KEY_UISupportedInterfaceOrientations_iPhone = "UIInterfaceOrientationPortrait UIInterfaceOrientationLandscapeLeft UIInterfaceOrientationLandscapeRight";
				LD_RUNPATH_SEARCH_PATHS = (
					"$(inherited)",
					"@executable_path/Frameworks",
				);
				MARKETING_VERSION = 1.0;
				PRODUCT_BUNDLE_IDENTIFIER = kolesnikov.PetProject;
				PRODUCT_NAME = "$(TARGET_NAME)";
				SWIFT_EMIT_LOC_STRINGS = YES;
				SWIFT_VERSION = 5.0;
				TARGETED_DEVICE_FAMILY = "1,2";
			};
			name = Release;
		};
/* End XCBuildConfiguration section */

/* Begin XCConfigurationList section */
		C4C1AED1285CAB42007D7192 /* Build configuration list for PBXProject "PetProject" */ = {
			isa = XCConfigurationList;
			buildConfigurations = (
				C4C1AEEB285CAB45007D7192 /* Debug */,
				C4C1AEEC285CAB45007D7192 /* Release */,
			);
			defaultConfigurationIsVisible = 0;
			defaultConfigurationName = Release;
		};
		C4C1AEED285CAB45007D7192 /* Build configuration list for PBXNativeTarget "PetProject" */ = {
			isa = XCConfigurationList;
			buildConfigurations = (
				C4C1AEEE285CAB45007D7192 /* Debug */,
				C4C1AEEF285CAB45007D7192 /* Release */,
			);
			defaultConfigurationIsVisible = 0;
			defaultConfigurationName = Release;
		};
/* End XCConfigurationList section */

/* Begin XCVersionGroup section */
		C4C1AEE2285CAB42007D7192 /* PetProject.xcdatamodeld */ = {
			isa = XCVersionGroup;
			children = (
				C4C1AEE3285CAB42007D7192 /* PetProject.xcdatamodel */,
			);
			currentVersion = C4C1AEE3285CAB42007D7192 /* PetProject.xcdatamodel */;
			path = PetProject.xcdatamodeld;
			sourceTree = "<group>";
			versionGroupType = wrapper.xcdatamodel;
		};
/* End XCVersionGroup section */
	};
	rootObject = C4C1AECE285CAB42007D7192 /* Project object */;
}
